
Microsoft Visual Studio Solution File, Format Version 12.00
# Visual Studio 15
VisualStudioVersion = 15.0.28307.779
MinimumVisualStudioVersion = 10.0.40219.1
Project("{FAE04EC0-301F-11D3-BF4B-00C04F79EFBC}") = "Sistemcrud1", "Sistemcrud1\Sistemcrud1.csproj", "{2C89E8E9-8964-47F3-B3B1-788E4F8C7BDC}"
EndProject
Global
	GlobalSection(SolutionConfigurationPlatforms) = preSolution
		Debug|Any CPU = Debug|Any CPU
		Release|Any CPU = Release|Any CPU
	EndGlobalSection
	GlobalSection(ProjectConfigurationPlatforms) = postSolution
		{2C89E8E9-8964-47F3-B3B1-788E4F8C7BDC}.Debug|Any CPU.ActiveCfg = Debug|Any CPU
		{2C89E8E9-8964-47F3-B3B1-788E4F8C7BDC}.Debug|Any CPU.Build.0 = Debug|Any CPU
		{2C89E8E9-8964-47F3-B3B1-788E4F8C7BDC}.Release|Any CPU.ActiveCfg = Release|Any CPU
		{2C89E8E9-8964-47F3-B3B1-788E4F8C7BDC}.Release|Any CPU.Build.0 = Release|Any CPU
	EndGlobalSection
	GlobalSection(SolutionProperties) = preSolution
		HideSolutionNode = FALSE
	EndGlobalSection
	GlobalSection(ExtensibilityGlobals) = postSolution
		SolutionGuid = {D26FD8F9-E09F-4417-8763-317AC255CB21}
	EndGlobalSection
EndGlobal
